[[package]]
name = "asyncio"
version = "3.4.3"
description = "reference implementation of PEP 3156"
category = "main"
optional = false
python-versions = "*"

[[package]]
name = "atomicwrites"
version = "1.4.0"
description = "Atomic file writes."
category = "dev"
optional = false
python-versions = ">=2.7, !=3.0.*, !=3.1.*, !=3.2.*, !=3.3.*"

[[package]]
name = "attrs"
version = "21.2.0"
description = "Classes Without Boilerplate"
category = "dev"
optional = false
python-versions = ">=2.7, !=3.0.*, !=3.1.*, !=3.2.*, !=3.3.*, !=3.4.*"

[package.extras]
dev = ["coverage[toml] (>=5.0.2)", "hypothesis", "pympler", "pytest (>=4.3.0)", "six", "mypy", "pytest-mypy-plugins", "zope.interface", "furo", "sphinx", "sphinx-notfound-page", "pre-commit"]
docs = ["furo", "sphinx", "zope.interface", "sphinx-notfound-page"]
tests = ["coverage[toml] (>=5.0.2)", "hypothesis", "pympler", "pytest (>=4.3.0)", "six", "mypy", "pytest-mypy-plugins", "zope.interface"]
tests_no_zope = ["coverage[toml] (>=5.0.2)", "hypothesis", "pympler", "pytest (>=4.3.0)", "six", "mypy", "pytest-mypy-plugins"]

[[package]]
name = "bleak"
version = "0.13.0"
description = "Bluetooth Low Energy platform Agnostic Klient"
category = "main"
optional = false
python-versions = "*"

[package.dependencies]
bleak-winrt = {version = ">=1.0.1", markers = "platform_system == \"Windows\""}
dbus-next = {version = "*", markers = "platform_system == \"Linux\""}
pyobjc-core = {version = "*", markers = "platform_system == \"Darwin\""}
pyobjc-framework-CoreBluetooth = {version = "*", markers = "platform_system == \"Darwin\""}
pyobjc-framework-libdispatch = {version = "*", markers = "platform_system == \"Darwin\""}

[[package]]
name = "bleak-winrt"
version = "1.0.1"
description = "Python WinRT bindings for Bleak"
category = "main"
optional = false
python-versions = "*"

[[package]]
name = "colorama"
version = "0.4.4"
description = "Cross-platform colored terminal text."
category = "dev"
optional = false
python-versions = ">=2.7, !=3.0.*, !=3.1.*, !=3.2.*, !=3.3.*, !=3.4.*"

[[package]]
name = "dbus-next"
version = "0.2.3"
description = "A zero-dependency DBus library for Python with asyncio support"
category = "main"
optional = false
python-versions = ">=3.6.0"

[[package]]
name = "future"
version = "0.18.2"
description = "Clean single-source support for Python 3 and 2"
category = "main"
optional = false
python-versions = ">=2.6, !=3.0.*, !=3.1.*, !=3.2.*"

[[package]]
name = "iso8601"
version = "1.0.0"
description = "Simple module to parse ISO 8601 dates"
category = "main"
optional = false
python-versions = ">=3.6.2,<4.0"

[[package]]
name = "more-itertools"
version = "8.11.0"
description = "More routines for operating on iterables, beyond itertools"
category = "dev"
optional = false
python-versions = ">=3.5"

[[package]]
name = "numpy"
version = "1.21.4"
description = "NumPy is the fundamental package for array computing with Python."
category = "main"
optional = false
python-versions = ">=3.7,<3.11"

[[package]]
name = "packaging"
version = "21.2"
description = "Core utilities for Python packages"
category = "dev"
optional = false
python-versions = ">=3.6"

[package.dependencies]
pyparsing = ">=2.0.2,<3"

[[package]]
name = "pluggy"
version = "0.13.1"
description = "plugin and hook calling mechanisms for python"
category = "dev"
optional = false
python-versions = ">=2.7, !=3.0.*, !=3.1.*, !=3.2.*, !=3.3.*"

[package.extras]
dev = ["pre-commit", "tox"]

[[package]]
name = "py"
version = "1.11.0"
description = "library with cross-python path, ini-parsing, io, code, log facilities"
category = "dev"
optional = false
python-versions = ">=2.7, !=3.0.*, !=3.1.*, !=3.2.*, !=3.3.*, !=3.4.*"

[[package]]
name = "pyobjc-core"
version = "8.0"
description = "Python<->ObjC Interoperability Module"
category = "main"
optional = false
python-versions = ">=3.6"

[[package]]
name = "pyobjc-framework-cocoa"
version = "8.0"
description = "Wrappers for the Cocoa frameworks on macOS"
category = "main"
optional = false
python-versions = ">=3.6"

[package.dependencies]
pyobjc-core = ">=8.0"

[[package]]
name = "pyobjc-framework-corebluetooth"
version = "8.0"
description = "Wrappers for the framework CoreBluetooth on macOS"
category = "main"
optional = false
python-versions = ">=3.6"

[package.dependencies]
pyobjc-core = ">=8.0"
pyobjc-framework-Cocoa = ">=8.0"

[[package]]
name = "pyobjc-framework-libdispatch"
version = "8.0"
description = "Wrappers for libdispatch on macOS"
category = "main"
optional = false
python-versions = ">=3.6"

[package.dependencies]
pyobjc-core = ">=8.0"

[[package]]
name = "pyparsing"
version = "2.4.7"
description = "Python parsing module"
category = "dev"
optional = false
python-versions = ">=2.6, !=3.0.*, !=3.1.*, !=3.2.*"

[[package]]
name = "pytest"
version = "5.4.3"
description = "pytest: simple powerful testing with Python"
category = "dev"
optional = false
python-versions = ">=3.5"

[package.dependencies]
atomicwrites = {version = ">=1.0", markers = "sys_platform == \"win32\""}
attrs = ">=17.4.0"
colorama = {version = "*", markers = "sys_platform == \"win32\""}
more-itertools = ">=4.0.0"
packaging = "*"
pluggy = ">=0.12,<1.0"
py = ">=1.5.0"
wcwidth = "*"

[package.extras]
checkqa-mypy = ["mypy (==v0.761)"]
testing = ["argcomplete", "hypothesis (>=3.56)", "mock", "nose", "requests", "xmlschema"]

[[package]]
name = "pyyaml"
version = "6.0"
description = "YAML parser and emitter for Python"
category = "main"
optional = false
python-versions = ">=3.6"

[[package]]
name = "serial"
version = "0.0.97"
description = "A framework for serializing/deserializing JSON/YAML/XML into python class instances and vice versa"
category = "main"
optional = false
python-versions = "*"

[package.dependencies]
future = ">=0.17.1"
iso8601 = ">=0.1.12"
pyyaml = ">=3.13"

[[package]]
name = "wcwidth"
version = "0.2.5"
description = "Measures the displayed width of unicode strings in a terminal"
category = "dev"
optional = false
python-versions = "*"

[metadata]
lock-version = "1.1"
python-versions = ">=3.9,<3.11"
content-hash = "67da26e3698716d4b83a026225ee5e2e8b33925e8d6f2b7d8e49395f2bea3564"

[metadata.files]
asyncio = [
    {file = "asyncio-3.4.3-cp33-none-win32.whl", hash = "sha256:b62c9157d36187eca799c378e572c969f0da87cd5fc42ca372d92cdb06e7e1de"},
    {file = "asyncio-3.4.3-cp33-none-win_amd64.whl", hash = "sha256:c46a87b48213d7464f22d9a497b9eef8c1928b68320a2fa94240f969f6fec08c"},
    {file = "asyncio-3.4.3-py3-none-any.whl", hash = "sha256:c4d18b22701821de07bd6aea8b53d21449ec0ec5680645e5317062ea21817d2d"},
    {file = "asyncio-3.4.3.tar.gz", hash = "sha256:83360ff8bc97980e4ff25c964c7bd3923d333d177aa4f7fb736b019f26c7cb41"},
]
atomicwrites = [
    {file = "atomicwrites-1.4.0-py2.py3-none-any.whl", hash = "sha256:6d1784dea7c0c8d4a5172b6c620f40b6e4cbfdf96d783691f2e1302a7b88e197"},
    {file = "atomicwrites-1.4.0.tar.gz", hash = "sha256:ae70396ad1a434f9c7046fd2dd196fc04b12f9e91ffb859164193be8b6168a7a"},
]
attrs = [
    {file = "attrs-21.2.0-py2.py3-none-any.whl", hash = "sha256:149e90d6d8ac20db7a955ad60cf0e6881a3f20d37096140088356da6c716b0b1"},
    {file = "attrs-21.2.0.tar.gz", hash = "sha256:ef6aaac3ca6cd92904cdd0d83f629a15f18053ec84e6432106f7a4d04ae4f5fb"},
]
bleak = [
    {file = "bleak-0.13.0-py2.py3-none-any.whl", hash = "sha256:33e92739a8a117628fa1533bf973fd55ade2051c3a12ba3bbfee6ca9eca46959"},
    {file = "bleak-0.13.0.tar.gz", hash = "sha256:eb0716852cad7e96613934680b6aff4f48d68671d6ab967155497387cd98dcee"},
]
bleak-winrt = [
    {file = "bleak-winrt-1.0.1.tar.gz", hash = "sha256:ffa15cf859eb4c90da946245386983d9036aa510299bdbd0a838cb104203d5b5"},
    {file = "bleak_winrt-1.0.1-cp310-cp310-win32.whl", hash = "sha256:47c08ba2ba5bbf50892e50f772c01220c0f61055c6b6c0368122e86d8b099a22"},
    {file = "bleak_winrt-1.0.1-cp310-cp310-win_amd64.whl", hash = "sha256:31aeb236ba59f779d18694be850e23131a02fc77919babf183a876a6cbe2ebc8"},
    {file = "bleak_winrt-1.0.1-cp37-cp37m-win32.whl", hash = "sha256:bef08a8cffc56e6e84c03ff24764e992212a26ce51cb255164fc800f6c6304d8"},
    {file = "bleak_winrt-1.0.1-cp37-cp37m-win_amd64.whl", hash = "sha256:d0f92bebbaa91cd23dc3daec29ccc93d34e540d1679cf31f6d63b43b9d0ec6a7"},
    {file = "bleak_winrt-1.0.1-cp38-cp38-win32.whl", hash = "sha256:d19a19a24c1d5f776e2951e21c961b1fba86f97608f9999586f1698da7dfddce"},
    {file = "bleak_winrt-1.0.1-cp38-cp38-win_amd64.whl", hash = "sha256:60cb003399f0bd9522356ae39b748c1781cfb93394a47393ae4579f4a6e1d5db"},
    {file = "bleak_winrt-1.0.1-cp39-cp39-win32.whl", hash = "sha256:6adcb5d3efd0790768bccf8dcf285d937f9fd86ad3b879869d92620af443d8b2"},
    {file = "bleak_winrt-1.0.1-cp39-cp39-win_amd64.whl", hash = "sha256:7de3d3ce87f420192fa97853e8eaf82ae6aacb1e76fd3d8008a45017cdb048f4"},
]
colorama = [
    {file = "colorama-0.4.4-py2.py3-none-any.whl", hash = "sha256:9f47eda37229f68eee03b24b9748937c7dc3868f906e8ba69fbcbdd3bc5dc3e2"},
    {file = "colorama-0.4.4.tar.gz", hash = "sha256:5941b2b48a20143d2267e95b1c2a7603ce057ee39fd88e7329b0c292aa16869b"},
]
dbus-next = [
    {file = "dbus_next-0.2.3-py3-none-any.whl", hash = "sha256:58948f9aff9db08316734c0be2a120f6dc502124d9642f55e90ac82ffb16a18b"},
    {file = "dbus_next-0.2.3.tar.gz", hash = "sha256:f4eae26909332ada528c0a3549dda8d4f088f9b365153952a408e28023a626a5"},
]
future = [
    {file = "future-0.18.2.tar.gz", hash = "sha256:b1bead90b70cf6ec3f0710ae53a525360fa360d306a86583adc6bf83a4db537d"},
]
iso8601 = [
    {file = "iso8601-1.0.0-py3-none-any.whl", hash = "sha256:22c7de877cfcbbcf241b4aa3934a1fa1fb6b200b242dbb054e438a9e5af56ce0"},
    {file = "iso8601-1.0.0.tar.gz", hash = "sha256:79ec9749f8bf35ffae77f835e80e96d2f95affa0f79d3d7b25c0fa7e06207a8b"},
]
more-itertools = [
    {file = "more-itertools-8.11.0.tar.gz", hash = "sha256:0a2fd25d343c08d7e7212071820e7e7ea2f41d8fb45d6bc8a00cd6ce3b7aab88"},
    {file = "more_itertools-8.11.0-py3-none-any.whl", hash = "sha256:88afff98d83d08fe5e4049b81e2b54c06ebb6b3871a600040865c7a592061cbb"},
]
numpy = [
    {file = "numpy-1.21.4-cp310-cp310-macosx_10_9_universal2.whl", hash = "sha256:8890b3360f345e8360133bc078d2dacc2843b6ee6059b568781b15b97acbe39f"},
    {file = "numpy-1.21.4-cp310-cp310-macosx_10_9_x86_64.whl", hash = "sha256:69077388c5a4b997442b843dbdc3a85b420fb693ec8e33020bb24d647c164fa5"},
    {file = "numpy-1.21.4-cp310-cp310-macosx_11_0_arm64.whl", hash = "sha256:e89717274b41ebd568cd7943fc9418eeb49b1785b66031bc8a7f6300463c5898"},
    {file = "numpy-1.21.4-cp310-cp310-manylinux_2_17_aarch64.manylinux2014_aarch64.whl", hash = "sha256:0b78ecfa070460104934e2caf51694ccd00f37d5e5dbe76f021b1b0b0d221823"},
    {file = "numpy-1.21.4-cp310-cp310-manylinux_2_17_x86_64.manylinux2014_x86_64.whl", hash = "sha256:615d4e328af7204c13ae3d4df7615a13ff60a49cb0d9106fde07f541207883ca"},
    {file = "numpy-1.21.4-cp310-cp310-win_amd64.whl", hash = "sha256:1403b4e2181fc72664737d848b60e65150f272fe5a1c1cbc16145ed43884065a"},
    {file = "numpy-1.21.4-cp37-cp37m-macosx_10_9_x86_64.whl", hash = "sha256:74b85a17528ca60cf98381a5e779fc0264b4a88b46025e6bcbe9621f46bb3e63"},
    {file = "numpy-1.21.4-cp37-cp37m-manylinux_2_12_i686.manylinux2010_i686.whl", hash = "sha256:92aafa03da8658609f59f18722b88f0a73a249101169e28415b4fa148caf7e41"},
    {file = "numpy-1.21.4-cp37-cp37m-manylinux_2_12_x86_64.manylinux2010_x86_64.whl", hash = "sha256:5d95668e727c75b3f5088ec7700e260f90ec83f488e4c0aaccb941148b2cd377"},
    {file = "numpy-1.21.4-cp37-cp37m-manylinux_2_17_aarch64.manylinux2014_aarch64.whl", hash = "sha256:f5162ec777ba7138906c9c274353ece5603646c6965570d82905546579573f73"},
    {file = "numpy-1.21.4-cp37-cp37m-win32.whl", hash = "sha256:81225e58ef5fce7f1d80399575576fc5febec79a8a2742e8ef86d7b03beef49f"},
    {file = "numpy-1.21.4-cp37-cp37m-win_amd64.whl", hash = "sha256:32fe5b12061f6446adcbb32cf4060a14741f9c21e15aaee59a207b6ce6423469"},
    {file = "numpy-1.21.4-cp38-cp38-macosx_10_9_universal2.whl", hash = "sha256:c449eb870616a7b62e097982c622d2577b3dbc800aaf8689254ec6e0197cbf1e"},
    {file = "numpy-1.21.4-cp38-cp38-macosx_10_9_x86_64.whl", hash = "sha256:2e4ed57f45f0aa38beca2a03b6532e70e548faf2debbeb3291cfc9b315d9be8f"},
    {file = "numpy-1.21.4-cp38-cp38-macosx_11_0_arm64.whl", hash = "sha256:1247ef28387b7bb7f21caf2dbe4767f4f4175df44d30604d42ad9bd701ebb31f"},
    {file = "numpy-1.21.4-cp38-cp38-manylinux_2_12_i686.manylinux2010_i686.whl", hash = "sha256:34f3456f530ae8b44231c63082c8899fe9c983fd9b108c997c4b1c8c2d435333"},
    {file = "numpy-1.21.4-cp38-cp38-manylinux_2_12_x86_64.manylinux2010_x86_64.whl", hash = "sha256:4c9c23158b87ed0e70d9a50c67e5c0b3f75bcf2581a8e34668d4e9d7474d76c6"},
    {file = "numpy-1.21.4-cp38-cp38-manylinux_2_17_aarch64.manylinux2014_aarch64.whl", hash = "sha256:e4799be6a2d7d3c33699a6f77201836ac975b2e1b98c2a07f66a38f499cb50ce"},
    {file = "numpy-1.21.4-cp38-cp38-win32.whl", hash = "sha256:bc988afcea53e6156546e5b2885b7efab089570783d9d82caf1cfd323b0bb3dd"},
    {file = "numpy-1.21.4-cp38-cp38-win_amd64.whl", hash = "sha256:170b2a0805c6891ca78c1d96ee72e4c3ed1ae0a992c75444b6ab20ff038ba2cd"},
    {file = "numpy-1.21.4-cp39-cp39-macosx_10_9_universal2.whl", hash = "sha256:fde96af889262e85aa033f8ee1d3241e32bf36228318a61f1ace579df4e8170d"},
    {file = "numpy-1.21.4-cp39-cp39-macosx_10_9_x86_64.whl", hash = "sha256:c885bfc07f77e8fee3dc879152ba993732601f1f11de248d4f357f0ffea6a6d4"},
    {file = "numpy-1.21.4-cp39-cp39-macosx_11_0_arm64.whl", hash = "sha256:9e6f5f50d1eff2f2f752b3089a118aee1ea0da63d56c44f3865681009b0af162"},
    {file = "numpy-1.21.4-cp39-cp39-manylinux_2_12_i686.manylinux2010_i686.whl", hash = "sha256:ad010846cdffe7ec27e3f933397f8a8d6c801a48634f419e3d075db27acf5880"},
    {file = "numpy-1.21.4-cp39-cp39-manylinux_2_12_x86_64.manylinux2010_x86_64.whl", hash = "sha256:c74c699b122918a6c4611285cc2cad4a3aafdb135c22a16ec483340ef97d573c"},
    {file = "numpy-1.21.4-cp39-cp39-manylinux_2_17_aarch64.manylinux2014_aarch64.whl", hash = "sha256:9864424631775b0c052f3bd98bc2712d131b3e2cd95d1c0c68b91709170890b0"},
    {file = "numpy-1.21.4-cp39-cp39-win32.whl", hash = "sha256:b1e2312f5b8843a3e4e8224b2b48fe16119617b8fc0a54df8f50098721b5bed2"},
    {file = "numpy-1.21.4-cp39-cp39-win_amd64.whl", hash = "sha256:e3c3e990274444031482a31280bf48674441e0a5b55ddb168f3a6db3e0c38ec8"},
    {file = "numpy-1.21.4-pp37-pypy37_pp73-manylinux_2_12_x86_64.manylinux2010_x86_64.whl", hash = "sha256:a3deb31bc84f2b42584b8c4001c85d1934dbfb4030827110bc36bfd11509b7bf"},
    {file = "numpy-1.21.4.zip", hash = "sha256:e6c76a87633aa3fa16614b61ccedfae45b91df2767cf097aa9c933932a7ed1e0"},
]
packaging = [
    {file = "packaging-21.2-py3-none-any.whl", hash = "sha256:14317396d1e8cdb122989b916fa2c7e9ca8e2be9e8060a6eff75b6b7b4d8a7e0"},
    {file = "packaging-21.2.tar.gz", hash = "sha256:096d689d78ca690e4cd8a89568ba06d07ca097e3306a4381635073ca91479966"},
]
pluggy = [
    {file = "pluggy-0.13.1-py2.py3-none-any.whl", hash = "sha256:966c145cd83c96502c3c3868f50408687b38434af77734af1e9ca461a4081d2d"},
    {file = "pluggy-0.13.1.tar.gz", hash = "sha256:15b2acde666561e1298d71b523007ed7364de07029219b604cf808bfa1c765b0"},
]
py = [
    {file = "py-1.11.0-py2.py3-none-any.whl", hash = "sha256:607c53218732647dff4acdfcd50cb62615cedf612e72d1724fb1a0cc6405b378"},
    {file = "py-1.11.0.tar.gz", hash = "sha256:51c75c4126074b472f746a24399ad32f6053d1b34b68d2fa41e558e6f4a98719"},
]
pyobjc-core = [
    {file = "pyobjc-core-8.0.tar.gz", hash = "sha256:4cd0735cdb7a7b959def0fe1769df74e0ab6de5ea1ca40f1464d2ac78b85326f"},
    {file = "pyobjc_core-8.0-cp310-cp310-macosx_10_9_universal2.whl", hash = "sha256:d517f1dffddb30d1a9d4c5109a46ffc37eb461720558a54d57586459014b2d0b"},
    {file = "pyobjc_core-8.0-cp37-cp37m-macosx_10_9_x86_64.whl", hash = "sha256:7e710f7329a7dbca27639c7ce60a50b2003d5492d55f66fec2ab8c375f134812"},
    {file = "pyobjc_core-8.0-cp38-cp38-macosx_10_9_x86_64.whl", hash = "sha256:0e1d2f3e1216e92428e0107a651b074d44f2856b98aac93fef5b27bfb4355232"},
    {file = "pyobjc_core-8.0-cp38-cp38-macosx_11_0_universal2.whl", hash = "sha256:d56c69d9267723326c9254e268838a5d67120c34e0667ef9c947c8336a755dec"},
    {file = "pyobjc_core-8.0-cp39-cp39-macosx_10_9_universal2.whl", hash = "sha256:e19d3fd51cc993e31f51e32f62463e81da79dbd22042e7a18cf6ee141db9d539"},
]
pyobjc-framework-cocoa = [
    {file = "pyobjc-framework-Cocoa-8.0.tar.gz", hash = "sha256:233fe4cf6ddd5804d76b68fac3f0601b78cc0c307703eb5f2dcb9a1ef62a7904"},
    {file = "pyobjc_framework_Cocoa-8.0-cp310-cp310-macosx_10_9_universal2.whl", hash = "sha256:f6b4e8708d574b26a72366f11b0a3afb59e6cd8569f6aabf42450ac39d69c115"},
    {file = "pyobjc_framework_Cocoa-8.0-cp37-cp37m-macosx_10_9_x86_64.whl", hash = "sha256:49ceaae8bf993b42e6afa1a91aa6fda44628ac8944b5a631fdc844b9b8da4b27"},
    {file = "pyobjc_framework_Cocoa-8.0-cp38-cp38-macosx_10_9_x86_64.whl", hash = "sha256:4fd7b0627681841c12a47e77fd06ec518b41f0037e12cd1d1e035de5d2b4a333"},
    {file = "pyobjc_framework_Cocoa-8.0-cp38-cp38-macosx_11_0_universal2.whl", hash = "sha256:fab76fd835228c37280fdf4db71b740c3c8a60a0a304373c9a162134fba58fd3"},
    {file = "pyobjc_framework_Cocoa-8.0-cp39-cp39-macosx_10_9_universal2.whl", hash = "sha256:0766f4adbfca41815529c639da1e4c9959bed86c961956c564f3163dc3e56c74"},
]
pyobjc-framework-corebluetooth = [
    {file = "pyobjc-framework-CoreBluetooth-8.0.tar.gz", hash = "sha256:faec90e146f74616dfa761166b9ba53d5f1955bbc4f7af3f157fa8e5edd57f3c"},
    {file = "pyobjc_framework_CoreBluetooth-8.0-cp36-abi3-macosx_10_9_universal2.whl", hash = "sha256:eee04c181eb0bd94d29252a944ffad36e6ef45b8e014bb595d5211d65ccc75dd"},
    {file = "pyobjc_framework_CoreBluetooth-8.0-cp36-abi3-macosx_10_9_x86_64.whl", hash = "sha256:46af131a314890f6bab956e4fe779d7d524fbcb3e77fbc04ac6942da5210ace3"},
    {file = "pyobjc_framework_CoreBluetooth-8.0-cp36-abi3-macosx_11_0_universal2.whl", hash = "sha256:49f5020e8bfa938ed929d94f45f57834d6a815536f90429a0001a704ce6baa00"},
]
pyobjc-framework-libdispatch = [
    {file = "pyobjc-framework-libdispatch-8.0.tar.gz", hash = "sha256:2915912b7c7bba6a4466f1074fba9713c3619106693574b6365e1f651d71f91e"},
    {file = "pyobjc_framework_libdispatch-8.0-cp310-cp310-macosx_10_9_universal2.whl", hash = "sha256:b436e4cf92963e584ac04f50d66d22644b71481b3303c48767c093ad44b76e85"},
    {file = "pyobjc_framework_libdispatch-8.0-cp37-cp37m-macosx_10_9_x86_64.whl", hash = "sha256:79b341e61cc982b5906825ec7bbac7b386ec9915cc3f15485e2a93b153d151f9"},
    {file = "pyobjc_framework_libdispatch-8.0-cp38-cp38-macosx_10_9_x86_64.whl", hash = "sha256:b71050cab68595d5475f547bae71da7459eba638dcf544c611ec29fd93941b72"},
    {file = "pyobjc_framework_libdispatch-8.0-cp38-cp38-macosx_11_0_universal2.whl", hash = "sha256:4c17ee891a9255531ebb80ad4aa3831bc267d2417800aed1dfc59f5715f5b431"},
    {file = "pyobjc_framework_libdispatch-8.0-cp39-cp39-macosx_10_9_universal2.whl", hash = "sha256:1d15e5a7b459b56f1d7dbc4ba9cfbf3e15404f71a21d2facc026f41c7f50fca9"},
]
pyparsing = [
    {file = "pyparsing-2.4.7-py2.py3-none-any.whl", hash = "sha256:ef9d7589ef3c200abe66653d3f1ab1033c3c419ae9b9bdb1240a85b024efc88b"},
    {file = "pyparsing-2.4.7.tar.gz", hash = "sha256:c203ec8783bf771a155b207279b9bccb8dea02d8f0c9e5f8ead507bc3246ecc1"},
]
pytest = [
    {file = "pytest-5.4.3-py3-none-any.whl", hash = "sha256:5c0db86b698e8f170ba4582a492248919255fcd4c79b1ee64ace34301fb589a1"},
    {file = "pytest-5.4.3.tar.gz", hash = "sha256:7979331bfcba207414f5e1263b5a0f8f521d0f457318836a7355531ed1a4c7d8"},
]
pyyaml = [
    {file = "PyYAML-6.0-cp310-cp310-macosx_10_9_x86_64.whl", hash = "sha256:d4db7c7aef085872ef65a8fd7d6d09a14ae91f691dec3e87ee5ee0539d516f53"},
    {file = "PyYAML-6.0-cp310-cp310-macosx_11_0_arm64.whl", hash = "sha256:9df7ed3b3d2e0ecfe09e14741b857df43adb5a3ddadc919a2d94fbdf78fea53c"},
    {file = "PyYAML-6.0-cp310-cp310-manylinux_2_17_aarch64.manylinux2014_aarch64.whl", hash = "sha256:77f396e6ef4c73fdc33a9157446466f1cff553d979bd00ecb64385760c6babdc"},
    {file = "PyYAML-6.0-cp310-cp310-manylinux_2_17_s390x.manylinux2014_s390x.whl", hash = "sha256:a80a78046a72361de73f8f395f1f1e49f956c6be882eed58505a15f3e430962b"},
    {file = "PyYAML-6.0-cp310-cp310-manylinux_2_5_x86_64.manylinux1_x86_64.manylinux_2_12_x86_64.manylinux2010_x86_64.whl", hash = "sha256:f84fbc98b019fef2ee9a1cb3ce93e3187a6df0b2538a651bfb890254ba9f90b5"},
    {file = "PyYAML-6.0-cp310-cp310-win32.whl", hash = "sha256:2cd5df3de48857ed0544b34e2d40e9fac445930039f3cfe4bcc592a1f836d513"},
    {file = "PyYAML-6.0-cp310-cp310-win_amd64.whl", hash = "sha256:daf496c58a8c52083df09b80c860005194014c3698698d1a57cbcfa182142a3a"},
    {file = "PyYAML-6.0-cp36-cp36m-macosx_10_9_x86_64.whl", hash = "sha256:897b80890765f037df3403d22bab41627ca8811ae55e9a722fd0392850ec4d86"},
    {file = "PyYAML-6.0-cp36-cp36m-manylinux_2_17_aarch64.manylinux2014_aarch64.whl", hash = "sha256:50602afada6d6cbfad699b0c7bb50d5ccffa7e46a3d738092afddc1f9758427f"},
    {file = "PyYAML-6.0-cp36-cp36m-manylinux_2_17_s390x.manylinux2014_s390x.whl", hash = "sha256:48c346915c114f5fdb3ead70312bd042a953a8ce5c7106d5bfb1a5254e47da92"},
    {file = "PyYAML-6.0-cp36-cp36m-manylinux_2_5_x86_64.manylinux1_x86_64.manylinux_2_12_x86_64.manylinux2010_x86_64.whl", hash = "sha256:98c4d36e99714e55cfbaaee6dd5badbc9a1ec339ebfc3b1f52e293aee6bb71a4"},
    {file = "PyYAML-6.0-cp36-cp36m-win32.whl", hash = "sha256:0283c35a6a9fbf047493e3a0ce8d79ef5030852c51e9d911a27badfde0605293"},
    {file = "PyYAML-6.0-cp36-cp36m-win_amd64.whl", hash = "sha256:07751360502caac1c067a8132d150cf3d61339af5691fe9e87803040dbc5db57"},
    {file = "PyYAML-6.0-cp37-cp37m-macosx_10_9_x86_64.whl", hash = "sha256:819b3830a1543db06c4d4b865e70ded25be52a2e0631ccd2f6a47a2822f2fd7c"},
    {file = "PyYAML-6.0-cp37-cp37m-manylinux_2_17_aarch64.manylinux2014_aarch64.whl", hash = "sha256:473f9edb243cb1935ab5a084eb238d842fb8f404ed2193a915d1784b5a6b5fc0"},
    {file = "PyYAML-6.0-cp37-cp37m-manylinux_2_17_s390x.manylinux2014_s390x.whl", hash = "sha256:0ce82d761c532fe4ec3f87fc45688bdd3a4c1dc5e0b4a19814b9009a29baefd4"},
    {file = "PyYAML-6.0-cp37-cp37m-manylinux_2_5_x86_64.manylinux1_x86_64.manylinux_2_12_x86_64.manylinux2010_x86_64.whl", hash = "sha256:231710d57adfd809ef5d34183b8ed1eeae3f76459c18fb4a0b373ad56bedcdd9"},
    {file = "PyYAML-6.0-cp37-cp37m-win32.whl", hash = "sha256:c5687b8d43cf58545ade1fe3e055f70eac7a5a1a0bf42824308d868289a95737"},
    {file = "PyYAML-6.0-cp37-cp37m-win_amd64.whl", hash = "sha256:d15a181d1ecd0d4270dc32edb46f7cb7733c7c508857278d3d378d14d606db2d"},
    {file = "PyYAML-6.0-cp38-cp38-macosx_10_9_x86_64.whl", hash = "sha256:0b4624f379dab24d3725ffde76559cff63d9ec94e1736b556dacdfebe5ab6d4b"},
    {file = "PyYAML-6.0-cp38-cp38-manylinux_2_17_aarch64.manylinux2014_aarch64.whl", hash = "sha256:213c60cd50106436cc818accf5baa1aba61c0189ff610f64f4a3e8c6726218ba"},
    {file = "PyYAML-6.0-cp38-cp38-manylinux_2_17_s390x.manylinux2014_s390x.whl", hash = "sha256:9fa600030013c4de8165339db93d182b9431076eb98eb40ee068700c9c813e34"},
    {file = "PyYAML-6.0-cp38-cp38-manylinux_2_5_x86_64.manylinux1_x86_64.manylinux_2_12_x86_64.manylinux2010_x86_64.whl", hash = "sha256:277a0ef2981ca40581a47093e9e2d13b3f1fbbeffae064c1d21bfceba2030287"},
    {file = "PyYAML-6.0-cp38-cp38-win32.whl", hash = "sha256:d4eccecf9adf6fbcc6861a38015c2a64f38b9d94838ac1810a9023a0609e1b78"},
    {file = "PyYAML-6.0-cp38-cp38-win_amd64.whl", hash = "sha256:1e4747bc279b4f613a09eb64bba2ba602d8a6664c6ce6396a4d0cd413a50ce07"},
    {file = "PyYAML-6.0-cp39-cp39-macosx_10_9_x86_64.whl", hash = "sha256:055d937d65826939cb044fc8c9b08889e8c743fdc6a32b33e2390f66013e449b"},
    {file = "PyYAML-6.0-cp39-cp39-macosx_11_0_arm64.whl", hash = "sha256:e61ceaab6f49fb8bdfaa0f92c4b57bcfbea54c09277b1b4f7ac376bfb7a7c174"},
    {file = "PyYAML-6.0-cp39-cp39-manylinux_2_17_aarch64.manylinux2014_aarch64.whl", hash = "sha256:d67d839ede4ed1b28a4e8909735fc992a923cdb84e618544973d7dfc71540803"},
    {file = "PyYAML-6.0-cp39-cp39-manylinux_2_17_s390x.manylinux2014_s390x.whl", hash = "sha256:cba8c411ef271aa037d7357a2bc8f9ee8b58b9965831d9e51baf703280dc73d3"},
    {file = "PyYAML-6.0-cp39-cp39-manylinux_2_5_x86_64.manylinux1_x86_64.manylinux_2_12_x86_64.manylinux2010_x86_64.whl", hash = "sha256:40527857252b61eacd1d9af500c3337ba8deb8fc298940291486c465c8b46ec0"},
    {file = "PyYAML-6.0-cp39-cp39-win32.whl", hash = "sha256:b5b9eccad747aabaaffbc6064800670f0c297e52c12754eb1d976c57e4f74dcb"},
    {file = "PyYAML-6.0-cp39-cp39-win_amd64.whl", hash = "sha256:b3d267842bf12586ba6c734f89d1f5b871df0273157918b0ccefa29deb05c21c"},
    {file = "PyYAML-6.0.tar.gz", hash = "sha256:68fb519c14306fec9720a2a5b45bc9f0c8d1b9c72adf45c37baedfcd949c35a2"},
]
serial = [
    {file = "serial-0.0.97-py2.py3-none-any.whl", hash = "sha256:e887f06e07e190e39174b694eee6724e3c48bd361be1d97964caef5d5b61c73b"},
    {file = "serial-0.0.97.tar.gz", hash = "sha256:542150a127ddbf5ed2acc3a6ac4ce807cbcdae3b197acf785bbda6565c94f848"},
]
wcwidth = [
    {file = "wcwidth-0.2.5-py2.py3-none-any.whl", hash = "sha256:beb4802a9cebb9144e99086eff703a642a13d6a0052920003a230f3294bbe784"},
    {file = "wcwidth-0.2.5.tar.gz", hash = "sha256:c4d647b99872929fdb7bdcaa4fbe7f01413ed3d98077df798530e5b04f116c83"},
]
